
Microsoft Visual Studio Solution File, Format Version 12.00
# Visual Studio Version 17
VisualStudioVersion = 17.7.34031.279
MinimumVisualStudioVersion = 10.0.40219.1
Project("{FAE04EC0-301F-11D3-BF4B-00C04F79EFBC}") = "Bigo", "Bigo\Bigo.csproj", "{655C9EDC-DCC4-49B5-BC7D-44D7247D7325}"
EndProject
Global
	GlobalSection(SolutionConfigurationPlatforms) = preSolution
		Debug|Any CPU = Debug|Any CPU
		Release|Any CPU = Release|Any CPU
	EndGlobalSection
	GlobalSection(ProjectConfigurationPlatforms) = postSolution
		{655C9EDC-DCC4-49B5-BC7D-44D7247D7325}.Debug|Any CPU.ActiveCfg = Debug|Any CPU
		{655C9EDC-DCC4-49B5-BC7D-44D7247D7325}.Debug|Any CPU.Build.0 = Debug|Any CPU
		{655C9EDC-DCC4-49B5-BC7D-44D7247D7325}.Release|Any CPU.ActiveCfg = Release|Any CPU
		{655C9EDC-DCC4-49B5-BC7D-44D7247D7325}.Release|Any CPU.Build.0 = Release|Any CPU
	EndGlobalSection
	GlobalSection(SolutionProperties) = preSolution
		HideSolutionNode = FALSE
	EndGlobalSection
	GlobalSection(ExtensibilityGlobals) = postSolution
		SolutionGuid = {030AB3BC-CB50-4D73-855B-BEC8003FEC9A}
	EndGlobalSection
EndGlobal
